
Microsoft Visual Studio Solution File, Format Version 12.00
# Visual Studio 2010
Project("{8BC9CEB8-8B4A-11D0-8D11-00A0C91BC942}") = "lightway", "lightway.vcxproj", "{0AC42BC7-4B38-52B8-44D9-172898D73433}"
EndProject
Global
	GlobalSection(SolutionConfigurationPlatforms) = preSolution
		Debug|Win32 = Debug|Win32
		DebugOptimized1|Win32 = DebugOptimized1|Win32
		Release|Win32 = Release|Win32
	EndGlobalSection
	GlobalSection(ProjectConfigurationPlatforms) = postSolution
		{0AC42BC7-4B38-52B8-44D9-172898D73433}.Debug|Win32.ActiveCfg = Debug|Win32
		{0AC42BC7-4B38-52B8-44D9-172898D73433}.Debug|Win32.Build.0 = Debug|Win32
		{0AC42BC7-4B38-52B8-44D9-172898D73433}.DebugOptimized1|Win32.ActiveCfg = DebugOptimized1|Win32
		{0AC42BC7-4B38-52B8-44D9-172898D73433}.DebugOptimized1|Win32.Build.0 = DebugOptimized1|Win32
		{0AC42BC7-4B38-52B8-44D9-172898D73433}.Release|Win32.ActiveCfg = Release|Win32
		{0AC42BC7-4B38-52B8-44D9-172898D73433}.Release|Win32.Build.0 = Release|Win32
	EndGlobalSection
	GlobalSection(SolutionProperties) = preSolution
		HideSolutionNode = FALSE
	EndGlobalSection
EndGlobal
